{
  "nodes": {
    "dhack": {
      "inputs": {
        "nixpkgs": [
          "nixpkgs"
        ]
      },
      "locked": {
        "lastModified": 1665979037,
        "narHash": "sha256-86LahcWt0NXTRgSqmxR8nFJoPGOxSPO6wHWf5Ynvijg=",
        "owner": "NickCao",
        "repo": "dhack",
        "rev": "2c09b3087c37c897d3b68db71cc230644617c7e3",
        "type": "github"
      },
      "original": {
        "owner": "NickCao",
        "repo": "dhack",
        "type": "github"
      }
    },
    "flake-compat": {
      "flake": false,
      "locked": {
        "lastModified": 1673956053,
        "narHash": "sha256-4gtG9iQuiKITOjNQQeQIpoIB6b16fm+504Ch3sNKLd8=",
        "owner": "edolstra",
        "repo": "flake-compat",
        "rev": "35bb57c0c8d8b62bbfd284272c928ceb64ddbde9",
        "type": "github"
      },
      "original": {
        "owner": "edolstra",
        "repo": "flake-compat",
        "type": "github"
      }
    },
    "flake-parts": {
      "inputs": {
        "nixpkgs-lib": [
          "nixpkgs-wayland",
          "nix-eval-jobs",
          "nixpkgs"
        ]
      },
      "locked": {
        "lastModified": 1673362319,
        "narHash": "sha256-Pjp45Vnj7S/b3BRpZEVfdu8sqqA6nvVjvYu59okhOyI=",
        "owner": "hercules-ci",
        "repo": "flake-parts",
        "rev": "82c16f1682cf50c01cb0280b38a1eed202b3fe9f",
        "type": "github"
      },
      "original": {
        "owner": "hercules-ci",
        "repo": "flake-parts",
        "type": "github"
      }
    },
    "flake-utils": {
      "locked": {
        "lastModified": 1667395993,
        "narHash": "sha256-nuEHfE/LcWyuSWnS8t12N1wc105Qtau+/OdUAjtQ0rA=",
        "owner": "numtide",
        "repo": "flake-utils",
        "rev": "5aed5285a952e0b949eb3ba02c12fa4fcfef535f",
        "type": "github"
      },
      "original": {
        "owner": "numtide",
        "repo": "flake-utils",
        "type": "github"
      }
    },
    "flake-utils_2": {
      "locked": {
        "lastModified": 1667395993,
        "narHash": "sha256-nuEHfE/LcWyuSWnS8t12N1wc105Qtau+/OdUAjtQ0rA=",
        "owner": "numtide",
        "repo": "flake-utils",
        "rev": "5aed5285a952e0b949eb3ba02c12fa4fcfef535f",
        "type": "github"
      },
      "original": {
        "owner": "numtide",
        "repo": "flake-utils",
        "type": "github"
      }
    },
    "home-manager": {
      "inputs": {
        "nixpkgs": [
          "nixpkgs"
        ],
        "utils": [
          "flake-utils"
        ]
      },
      "locked": {
        "lastModified": 1674928308,
        "narHash": "sha256-elVU4NUZEl11BdT4gC+lrpLYM8Ccxqxs19Ix84HTI9o=",
        "owner": "nix-community",
        "repo": "home-manager",
        "rev": "08a778d80308353f4f65c9dcd3790b5da02d6306",
        "type": "github"
      },
      "original": {
        "owner": "nix-community",
        "repo": "home-manager",
        "type": "github"
      }
    },
    "hyprland": {
      "inputs": {
        "hyprland-protocols": "hyprland-protocols",
        "nixpkgs": [
          "nixpkgs"
        ],
        "wlroots": "wlroots",
        "xdph": "xdph"
      },
      "locked": {
        "lastModified": 1674996278,
        "narHash": "sha256-Qo+suK+e/5xG9SUlUHOcALQHInZkB/mDs+VPkezT7tQ=",
        "owner": "hyprwm",
        "repo": "Hyprland",
        "rev": "c3adc9ec56020446fdf8953254757392b4634bbd",
        "type": "github"
      },
      "original": {
        "owner": "hyprwm",
        "repo": "Hyprland",
        "type": "github"
      }
    },
    "hyprland-protocols": {
      "inputs": {
        "nixpkgs": [
          "hyprland",
          "nixpkgs"
        ]
      },
      "locked": {
        "lastModified": 1671839510,
        "narHash": "sha256-+PY1qqJfmZzzROgcIY4I7AkCwpnC+qBIYk2eFoA9RWc=",
        "owner": "hyprwm",
        "repo": "hyprland-protocols",
        "rev": "b8f55e02a328c47ed373133c52483bbfa20a1b75",
        "type": "github"
      },
      "original": {
        "owner": "hyprwm",
        "repo": "hyprland-protocols",
        "type": "github"
      }
    },
    "hyprpaper": {
      "inputs": {
        "nixpkgs": [
          "nixpkgs"
        ]
      },
      "locked": {
        "lastModified": 1674997422,
        "narHash": "sha256-Dfp94pWsMoGrKDFyvazSMiXV2+JcP83J+GA8zZHoPMg=",
        "owner": "hyprwm",
        "repo": "hyprpaper",
        "rev": "1a147160cf6d9ab2f4d23e772176ffb1c9752868",
        "type": "github"
      },
      "original": {
        "owner": "hyprwm",
        "repo": "hyprpaper",
        "type": "github"
      }
    },
    "impermanence": {
      "locked": {
        "lastModified": 1668668915,
        "narHash": "sha256-QjY4ZZbs9shwO4LaLpvlU2bO9J1juYhO9NtV3nrbnYQ=",
        "owner": "nix-community",
        "repo": "impermanence",
        "rev": "5df9108b346f8a42021bf99e50de89c9caa251c3",
        "type": "github"
      },
      "original": {
        "owner": "nix-community",
        "repo": "impermanence",
        "type": "github"
      }
    },
    "kmonad": {
      "inputs": {
        "nixpkgs": [
          "nixpkgs"
        ]
      },
      "locked": {
        "dir": "nix",
        "lastModified": 1673185501,
        "narHash": "sha256-uEtWPpl9nH7QqochHo1z+giPga1zXR1Ko3dOXHIapFY=",
        "owner": "kmonad",
        "repo": "kmonad",
        "rev": "3413f1be996142c8ef4f36e246776a6df7175979",
        "type": "github"
      },
      "original": {
        "dir": "nix",
        "owner": "kmonad",
        "repo": "kmonad",
        "type": "github"
      }
    },
    "lib-aggregate": {
      "inputs": {
        "flake-utils": "flake-utils_2",
        "nixpkgs-lib": "nixpkgs-lib"
      },
      "locked": {
        "lastModified": 1674994116,
        "narHash": "sha256-KHcCk/EnKqC1Dl5hFnJVNJ4AwOQSgYKG/xG7FZxGzsI=",
        "owner": "nix-community",
        "repo": "lib-aggregate",
        "rev": "c15111d65432ee32ce64d31b268219e2d4d1bae6",
        "type": "github"
      },
      "original": {
        "owner": "nix-community",
        "repo": "lib-aggregate",
        "type": "github"
      }
    },
    "nix-eval-jobs": {
      "inputs": {
        "flake-parts": "flake-parts",
        "nixpkgs": "nixpkgs_2"
      },
      "locked": {
        "lastModified": 1674696338,
        "narHash": "sha256-tyBhtFRH7MyA9RmZR8PHcc2VGNNfAgn1n36DSx35C8k=",
        "owner": "nix-community",
        "repo": "nix-eval-jobs",
        "rev": "c786ef9a1160515f500505e708c08b8fb700e3ad",
        "type": "github"
      },
      "original": {
        "owner": "nix-community",
        "repo": "nix-eval-jobs",
        "type": "github"
      }
    },
    "nixpkgs": {
      "locked": {
        "lastModified": 1674947309,
        "narHash": "sha256-2h+r97XW2riPwejhe8MRNUGakyhEdSldw0BfWpCQafw=",
        "owner": "NixOS",
        "repo": "nixpkgs",
        "rev": "4c4b377a23282b516bc991f0bc928d91dc28994a",
        "type": "github"
      },
      "original": {
        "owner": "NixOS",
        "ref": "nixos-unstable-small",
        "repo": "nixpkgs",
        "type": "github"
      }
    },
    "nixpkgs-lib": {
      "locked": {
        "lastModified": 1674953599,
        "narHash": "sha256-DlAzFbth2P6Hp1M7smDd1apa2dJdxw3FeaWpl03LWeU=",
        "owner": "nix-community",
        "repo": "nixpkgs.lib",
        "rev": "a6486be6c11c609cd60c01a427279e8a80a025fa",
        "type": "github"
      },
      "original": {
        "owner": "nix-community",
        "repo": "nixpkgs.lib",
        "type": "github"
      }
    },
    "nixpkgs-stable": {
      "locked": {
        "lastModified": 1674352297,
        "narHash": "sha256-OkAnJPrauEcUCrst4/3DKoQfUn2gXKuU6CFvhtMrLgg=",
        "owner": "NixOS",
        "repo": "nixpkgs",
        "rev": "918b760070bb8f48cb511300fcd7e02e13058a2e",
        "type": "github"
      },
      "original": {
        "owner": "NixOS",
        "ref": "release-22.11",
        "repo": "nixpkgs",
        "type": "github"
      }
    },
    "nixpkgs-wayland": {
      "inputs": {
        "flake-compat": "flake-compat",
        "lib-aggregate": "lib-aggregate",
        "nix-eval-jobs": "nix-eval-jobs",
        "nixpkgs": [
          "nixpkgs"
        ]
      },
      "locked": {
        "lastModified": 1674994950,
        "narHash": "sha256-IaY7eu15VTIDAP6FbffBTEE5U19ZJbO7UuDAI8D+mDU=",
        "owner": "nix-community",
        "repo": "nixpkgs-wayland",
        "rev": "4a0a2b8e041619da010f96a1281e89dccf551f71",
        "type": "github"
      },
      "original": {
        "owner": "nix-community",
        "repo": "nixpkgs-wayland",
        "type": "github"
      }
    },
    "nixpkgs_2": {
      "locked": {
        "lastModified": 1674695221,
        "narHash": "sha256-6Sn/m4aGaZbDxBRAdSVgmcJUMWiI8cyqzQICDZmISdk=",
        "owner": "NixOS",
        "repo": "nixpkgs",
        "rev": "15b19586b6e05692ca1c160ecdff095089310549",
        "type": "github"
      },
      "original": {
        "owner": "NixOS",
        "ref": "master",
        "repo": "nixpkgs",
        "type": "github"
      }
    },
    "root": {
      "inputs": {
        "dhack": "dhack",
        "flake-utils": "flake-utils",
        "home-manager": "home-manager",
        "hyprland": "hyprland",
        "hyprpaper": "hyprpaper",
        "impermanence": "impermanence",
        "kmonad": "kmonad",
        "nixpkgs": "nixpkgs",
        "nixpkgs-wayland": "nixpkgs-wayland",
        "sops-nix": "sops-nix"
      }
    },
    "sops-nix": {
      "inputs": {
        "nixpkgs": [
          "nixpkgs"
        ],
        "nixpkgs-stable": "nixpkgs-stable"
      },
      "locked": {
        "lastModified": 1674546403,
        "narHash": "sha256-vkyNv0xzXuEnu9v52TUtRugNmQWIti8c2RhYnbLG71w=",
        "owner": "Mic92",
        "repo": "sops-nix",
        "rev": "b6ab3c61e2ca5e07d1f4eb1b67304e2670ea230c",
        "type": "github"
      },
      "original": {
        "owner": "Mic92",
        "repo": "sops-nix",
        "type": "github"
      }
    },
    "wlroots": {
      "flake": false,
      "locked": {
        "host": "gitlab.freedesktop.org",
        "lastModified": 1672824257,
        "narHash": "sha256-SbYoZj57VlopTzI+OSW9jlgYxN1gI1KLg/s/HV+87eE=",
        "owner": "wlroots",
        "repo": "wlroots",
        "rev": "5f264a7d6c8af27d41ff440c05262b022c055593",
        "type": "gitlab"
      },
      "original": {
        "host": "gitlab.freedesktop.org",
        "owner": "wlroots",
        "repo": "wlroots",
        "type": "gitlab"
      }
    },
    "xdph": {
      "inputs": {
        "hyprland-protocols": [
          "hyprland",
          "hyprland-protocols"
        ],
        "nixpkgs": [
          "hyprland",
          "nixpkgs"
        ]
      },
      "locked": {
        "lastModified": 1673116118,
        "narHash": "sha256-eR0yDSkR2XYMesfdRWJs25kAdXET2mbNNHu5t+KUcKA=",
        "owner": "hyprwm",
        "repo": "xdg-desktop-portal-hyprland",
        "rev": "d479c846531fd0e1d2357c9588b8310a2b859ef2",
        "type": "github"
      },
      "original": {
        "owner": "hyprwm",
        "repo": "xdg-desktop-portal-hyprland",
        "type": "github"
      }
    }
  },
  "root": "root",
  "version": 7
}
